
Microsoft Visual Studio Solution File, Format Version 12.00
# Visual Studio Version 17
VisualStudioVersion = 17.9.34701.34
MinimumVisualStudioVersion = 10.0.40219.1
Project("{FAE04EC0-301F-11D3-BF4B-00C04F79EFBC}") = "Week 15", "Week 15\Week 15.csproj", "{DE779C1E-F32E-40CA-BD71-62FADB7D3C0E}"
EndProject
Global
	GlobalSection(SolutionConfigurationPlatforms) = preSolution
		Debug|Any CPU = Debug|Any CPU
		Release|Any CPU = Release|Any CPU
	EndGlobalSection
	GlobalSection(ProjectConfigurationPlatforms) = postSolution
		{DE779C1E-F32E-40CA-BD71-62FADB7D3C0E}.Debug|Any CPU.ActiveCfg = Debug|Any CPU
		{DE779C1E-F32E-40CA-BD71-62FADB7D3C0E}.Debug|Any CPU.Build.0 = Debug|Any CPU
		{DE779C1E-F32E-40CA-BD71-62FADB7D3C0E}.Release|Any CPU.ActiveCfg = Release|Any CPU
		{DE779C1E-F32E-40CA-BD71-62FADB7D3C0E}.Release|Any CPU.Build.0 = Release|Any CPU
	EndGlobalSection
	GlobalSection(SolutionProperties) = preSolution
		HideSolutionNode = FALSE
	EndGlobalSection
	GlobalSection(ExtensibilityGlobals) = postSolution
		SolutionGuid = {49F5C621-9EB4-43A5-8687-0DB324BCF4B4}
	EndGlobalSection
EndGlobal
